
Microsoft Visual Studio Solution File, Format Version 12.00
# Visual Studio Version 17
VisualStudioVersion = 17.4.33205.214
MinimumVisualStudioVersion = 10.0.40219.1
Project("{FAE04EC0-301F-11D3-BF4B-00C04F79EFBC}") = "BasicDotNet6API", "BasicDotNet6API\BasicDotNet6API.csproj", "{0124300B-32D3-4ED2-B39B-9608D1F6186C}"
EndProject
Global
	GlobalSection(SolutionConfigurationPlatforms) = preSolution
		Debug|Any CPU = Debug|Any CPU
		Release|Any CPU = Release|Any CPU
	EndGlobalSection
	GlobalSection(ProjectConfigurationPlatforms) = postSolution
		{0124300B-32D3-4ED2-B39B-9608D1F6186C}.Debug|Any CPU.ActiveCfg = Debug|Any CPU
		{0124300B-32D3-4ED2-B39B-9608D1F6186C}.Debug|Any CPU.Build.0 = Debug|Any CPU
		{0124300B-32D3-4ED2-B39B-9608D1F6186C}.Release|Any CPU.ActiveCfg = Release|Any CPU
		{0124300B-32D3-4ED2-B39B-9608D1F6186C}.Release|Any CPU.Build.0 = Release|Any CPU
	EndGlobalSection
	GlobalSection(SolutionProperties) = preSolution
		HideSolutionNode = FALSE
	EndGlobalSection
	GlobalSection(ExtensibilityGlobals) = postSolution
		SolutionGuid = {06DAA68A-F502-48F1-A980-2B8980472579}
	EndGlobalSection
EndGlobal
